PODS:
  - BlocksKit (2.2.5):
    - BlocksKit/All (= 2.2.5)
  - BlocksKit/All (2.2.5):
    - BlocksKit/Core
    - BlocksKit/DynamicDelegate
    - BlocksKit/MessageUI
    - BlocksKit/UIKit
  - BlocksKit/Core (2.2.5)
  - BlocksKit/DynamicDelegate (2.2.5)
  - BlocksKit/MessageUI (2.2.5):
    - BlocksKit/Core
    - BlocksKit/DynamicDelegate
  - BlocksKit/UIKit (2.2.5):
    - BlocksKit/Core
    - BlocksKit/DynamicDelegate
  - CocoaAsyncSocket (7.3.5)
  - DAKeyboardControl (2.4.0)
  - Expecta (1.0.0)
  - FXForms (1.2.13)
  - IFTTTLaunchImage (0.4.1)
  - JASidePanels (1.3.2)
  - JSQSystemSoundPlayer (4.0.0)
  - JTSImageViewController (1.4)
  - Keys (1.0.1)
  - KVOController (1.0.3)
  - libextobjc/EXTScope (0.4.1):
    - libextobjc/RuntimeExtensions
  - libextobjc/RuntimeExtensions (0.4.1)
  - libtelnet (0.21)
  - MagicalRecord (2.3.2):
    - MagicalRecord/Core (= 2.3.2)
  - MagicalRecord/Core (2.3.2)
  - Masonry (0.6.2)
  - MyLilTimer (0.1.0)
  - OCMock (3.1.2)
  - OSCache (1.2)
  - QuickDialog/Core (1.0.2)
  - QuickDialog/Extras (1.0.2):
    - QuickDialog/Core
  - SAMRateLimit (0.2.0)
  - SPLCore (1.0.1):
    - BlocksKit (~> 2.2)
    - libextobjc/EXTScope (~> 0.4.1)
    - libextobjc/RuntimeExtensions (~> 0.4.1)
    - MagicalRecord (~> 2.3.0)
  - SPLUserActivity (0.1.2)
  - SSAccessibility (0.2.0)
  - SSApplication (0.3.0)
  - SSDataSources (0.8.6)
  - SSOperations (0.1.0)
  - TOWebViewController (2.0.17)
  - TTTAttributedLabel (1.13.1)
  - uservoice-iphone-sdk (3.2.3)
  - VTAcknowledgementsViewController (0.14)

DEPENDENCIES:
  - CocoaAsyncSocket (= 7.3.5)
  - DAKeyboardControl (= 2.4.0)
  - Expecta
  - FXForms (= 1.2.13)
  - IFTTTLaunchImage (= 0.4.1)
  - JASidePanels (= 1.3.2)
  - JSQSystemSoundPlayer (= 4.0.0)
  - JTSImageViewController (= 1.4)
  - Keys (from `Pods/CocoaPodsKeys`)
  - KVOController (= 1.0.3)
  - libtelnet (= 0.21)
  - Masonry (= 0.6.2)
  - MyLilTimer (= 0.1.0)
  - OCMock
  - OSCache (= 1.2)
  - QuickDialog/Core (from `https://github.com/escoz/QuickDialog.git`, branch `master`)
  - QuickDialog/Extras (from `https://github.com/escoz/QuickDialog.git`, branch `master`)
  - SAMRateLimit (= 0.2.0)
  - SPLCore (from `https://github.com/zac/SPLCore.git`, branch `xcode-14.3.1-fixes`)
  - SPLUserActivity (= 0.1.2)
  - SSAccessibility (= 0.2.0)
  - SSApplication (= 0.3.0)
  - SSDataSources (= 0.8.6)
  - SSOperations (= 0.1.0)
  - TOWebViewController (= 2.0.17)
  - TTTAttributedLabel (= 1.13.1)
  - uservoice-iphone-sdk (= 3.2.3)
  - VTAcknowledgementsViewController (= 0.14)

SPEC REPOS:
  https://github.com/CocoaPods/Specs.git:
    - BlocksKit
    - CocoaAsyncSocket
    - DAKeyboardControl
    - Expecta
    - FXForms
    - IFTTTLaunchImage
    - JASidePanels
    - JSQSystemSoundPlayer
    - JTSImageViewController
    - KVOController
    - libextobjc
    - MagicalRecord
    - Masonry
    - MyLilTimer
    - OCMock
    - OSCache
    - SAMRateLimit
    - SPLUserActivity
    - SSAccessibility
    - SSApplication
    - SSDataSources
    - SSOperations
    - TOWebViewController
    - TTTAttributedLabel
    - uservoice-iphone-sdk
    - VTAcknowledgementsViewController
  https://github.com/splinesoft/specs.git:
    - libtelnet

EXTERNAL SOURCES:
  Keys:
    :path: Pods/CocoaPodsKeys
  QuickDialog:
    :branch: master
    :git: https://github.com/escoz/QuickDialog.git
  SPLCore:
    :branch: xcode-14.3.1-fixes
    :git: https://github.com/zac/SPLCore.git

CHECKOUT OPTIONS:
  QuickDialog:
    :commit: 9947f43797a1e2d8979d43a219d92172dee251ed
    :git: https://github.com/escoz/QuickDialog.git
  SPLCore:
    :commit: 4db7651a03d551e56aee6e55fd95197370ac8269
    :git: https://github.com/zac/SPLCore.git

SPEC CHECKSUMS:
  BlocksKit: 8639b2848dd51c35c957af4d9fbdc7a769a1fc12
  CocoaAsyncSocket: 94c582a5bef4bb0f51b6ebf3e1b561d9091a68ba
  DAKeyboardControl: 9d9bca22a5cc3c1d3cc61e24fbd208c3e84a3d2d
  Expecta: 32604574add2c46a36f8d2f716b6c5736eb75024
  FXForms: 22d5ceafd8ca44d2f2be4827afcf00aaf80184a5
  IFTTTLaunchImage: af0c8f2f366efcdb54cc971f54ccceed32dbf0a7
  JASidePanels: c8f5b130e18d51ee3de988d1c1fad2f88e0b0d21
  JSQSystemSoundPlayer: a367c3eba71068e304ef37e5fd6355fb4cd2a258
  JTSImageViewController: 6a367b144e257db02cdfacdba78d684377d3777b
  Keys: a576f4c9c1c641ca913a959a9c62ed3f215a8de9
  KVOController: 9fd8f0343670994e4b6f9f0b31f5a45663f3e1cf
  libextobjc: a650fc1bf489a3d3a9bc2e621efa3e1006fc5471
  libtelnet: c6f24ca59ed18f23459381234fee2632a63e02e1
  MagicalRecord: 53bed74b4323b930992a725be713e53b37d19755
  Masonry: 362e8a1cc0beada4a4c4832d5e863da2a51533be
  MyLilTimer: f74fd102e4704ab858f10331cae8f20dd05bb2b2
  OCMock: a10ea9f0a6e921651f96f78b6faee95ebc813b92
  OSCache: 10cdb5da579364aacfb8b7612dab13cf9c7aa4dc
  QuickDialog: f0c3e254c91182fa3f91fdb479ccac4a11b459e1
  SAMRateLimit: ba2d40ccb3a4bf04e425035ef1ca88751d969e47
  SPLCore: 107538fcd6b97af995d5098a799b338c6404883a
  SPLUserActivity: 32c59c4dbb0fdbbf428f3ee46d02e609ab2e3119
  SSAccessibility: 04f44a34d4a2ef3d6ec789e630d863027e48c6df
  SSApplication: a3eb1254ba6b7a11d1c022fd060041f3d4b1fee8
  SSDataSources: ebcf6e435a090f1a940c5d2042cfb3f369f98a1d
  SSOperations: 004a233cdc5f0b6ffb736fc5796dbea0dd285b2a
  TOWebViewController: aada427e7eba199bbaee77ddee3243c8172f4053
  TTTAttributedLabel: 0a9e524c8d78301506c26affffc827429b833b25
  uservoice-iphone-sdk: 349d9ef36d3c43939d28390b9e86bb32b65fe983
  VTAcknowledgementsViewController: 11a869dd69598a852f12699aeaf36e2589d3fc1b

PODFILE CHECKSUM: 79db22c9ba2ef562759e3e43ed9ad251fddd1a20

COCOAPODS: 1.12.1
